
Microsoft Visual Studio Solution File, Format Version 12.00
# Visual Studio Version 16
VisualStudioVersion = 16.0.29503.13
MinimumVisualStudioVersion = 10.0.40219.1
Project("{FAE04EC0-301F-11D3-BF4B-00C04F79EFBC}") = "Task1", "Task1\Task1.csproj", "{A5F9849C-AC40-493E-AB95-CE7C79805363}"
EndProject
Project("{FAE04EC0-301F-11D3-BF4B-00C04F79EFBC}") = "Task2", "Task2\Task2.csproj", "{D3A78334-2A0E-4CA5-913F-FF8AC3DAEF93}"
EndProject
Global
	GlobalSection(SolutionConfigurationPlatforms) = preSolution
		Debug|Any CPU = Debug|Any CPU
		Release|Any CPU = Release|Any CPU
	EndGlobalSection
	GlobalSection(ProjectConfigurationPlatforms) = postSolution
		{A5F9849C-AC40-493E-AB95-CE7C79805363}.Debug|Any CPU.ActiveCfg = Debug|Any CPU
		{A5F9849C-AC40-493E-AB95-CE7C79805363}.Debug|Any CPU.Build.0 = Debug|Any CPU
		{A5F9849C-AC40-493E-AB95-CE7C79805363}.Release|Any CPU.ActiveCfg = Release|Any CPU
		{A5F9849C-AC40-493E-AB95-CE7C79805363}.Release|Any CPU.Build.0 = Release|Any CPU
		{D3A78334-2A0E-4CA5-913F-FF8AC3DAEF93}.Debug|Any CPU.ActiveCfg = Debug|Any CPU
		{D3A78334-2A0E-4CA5-913F-FF8AC3DAEF93}.Debug|Any CPU.Build.0 = Debug|Any CPU
		{D3A78334-2A0E-4CA5-913F-FF8AC3DAEF93}.Release|Any CPU.ActiveCfg = Release|Any CPU
		{D3A78334-2A0E-4CA5-913F-FF8AC3DAEF93}.Release|Any CPU.Build.0 = Release|Any CPU
	EndGlobalSection
	GlobalSection(SolutionProperties) = preSolution
		HideSolutionNode = FALSE
	EndGlobalSection
	GlobalSection(ExtensibilityGlobals) = postSolution
		SolutionGuid = {C2B89B9B-E854-4630-B921-F48B896C0A5F}
	EndGlobalSection
EndGlobal
