
Microsoft Visual Studio Solution File, Format Version 12.00
# Visual Studio Version 16
VisualStudioVersion = 16.0.29306.81
MinimumVisualStudioVersion = 10.0.40219.1
Project("{FAE04EC0-301F-11D3-BF4B-00C04F79EFBC}") = "HomeWork9", "HomeWork9\HomeWork9.csproj", "{5A1F3A4F-7140-4BAB-A476-DA54FAF0E7E2}"
EndProject
Global
	GlobalSection(SolutionConfigurationPlatforms) = preSolution
		Debug|Any CPU = Debug|Any CPU
		Release|Any CPU = Release|Any CPU
	EndGlobalSection
	GlobalSection(ProjectConfigurationPlatforms) = postSolution
		{5A1F3A4F-7140-4BAB-A476-DA54FAF0E7E2}.Debug|Any CPU.ActiveCfg = Debug|Any CPU
		{5A1F3A4F-7140-4BAB-A476-DA54FAF0E7E2}.Debug|Any CPU.Build.0 = Debug|Any CPU
		{5A1F3A4F-7140-4BAB-A476-DA54FAF0E7E2}.Release|Any CPU.ActiveCfg = Release|Any CPU
		{5A1F3A4F-7140-4BAB-A476-DA54FAF0E7E2}.Release|Any CPU.Build.0 = Release|Any CPU
	EndGlobalSection
	GlobalSection(SolutionProperties) = preSolution
		HideSolutionNode = FALSE
	EndGlobalSection
	GlobalSection(ExtensibilityGlobals) = postSolution
		SolutionGuid = {11B6BD5A-84B6-4B95-8560-2432DFB2855B}
	EndGlobalSection
EndGlobal
