
Microsoft Visual Studio Solution File, Format Version 12.00
# Visual Studio Version 16
VisualStudioVersion = 16.0.29519.87
MinimumVisualStudioVersion = 10.0.40219.1
Project("{FAE04EC0-301F-11D3-BF4B-00C04F79EFBC}") = "Task1", "Task1\Task1.csproj", "{2BBDE420-D133-42B9-B34E-0D78AA1B1BAC}"
EndProject
Project("{FAE04EC0-301F-11D3-BF4B-00C04F79EFBC}") = "Task2", "Task2\Task2.csproj", "{0B75C3DD-6DBD-48F0-B55A-27050AE28E61}"
EndProject
Project("{FAE04EC0-301F-11D3-BF4B-00C04F79EFBC}") = "Task3", "Task3\Task3.csproj", "{ED794DF5-32E8-4A49-AB22-CBF1A24015ED}"
EndProject
Project("{FAE04EC0-301F-11D3-BF4B-00C04F79EFBC}") = "Task4", "Task4\Task4.csproj", "{F123BC85-D701-4151-BF84-FC844720B6D6}"
EndProject
Project("{FAE04EC0-301F-11D3-BF4B-00C04F79EFBC}") = "Home_work", "Home_work\Home_work.csproj", "{3F463E1E-82DA-455E-95EF-E91E5703084D}"
EndProject
Global
	GlobalSection(SolutionConfigurationPlatforms) = preSolution
		Debug|Any CPU = Debug|Any CPU
		Release|Any CPU = Release|Any CPU
	EndGlobalSection
	GlobalSection(ProjectConfigurationPlatforms) = postSolution
		{2BBDE420-D133-42B9-B34E-0D78AA1B1BAC}.Debug|Any CPU.ActiveCfg = Debug|Any CPU
		{2BBDE420-D133-42B9-B34E-0D78AA1B1BAC}.Debug|Any CPU.Build.0 = Debug|Any CPU
		{2BBDE420-D133-42B9-B34E-0D78AA1B1BAC}.Release|Any CPU.ActiveCfg = Release|Any CPU
		{2BBDE420-D133-42B9-B34E-0D78AA1B1BAC}.Release|Any CPU.Build.0 = Release|Any CPU
		{0B75C3DD-6DBD-48F0-B55A-27050AE28E61}.Debug|Any CPU.ActiveCfg = Debug|Any CPU
		{0B75C3DD-6DBD-48F0-B55A-27050AE28E61}.Debug|Any CPU.Build.0 = Debug|Any CPU
		{0B75C3DD-6DBD-48F0-B55A-27050AE28E61}.Release|Any CPU.ActiveCfg = Release|Any CPU
		{0B75C3DD-6DBD-48F0-B55A-27050AE28E61}.Release|Any CPU.Build.0 = Release|Any CPU
		{ED794DF5-32E8-4A49-AB22-CBF1A24015ED}.Debug|Any CPU.ActiveCfg = Debug|Any CPU
		{ED794DF5-32E8-4A49-AB22-CBF1A24015ED}.Debug|Any CPU.Build.0 = Debug|Any CPU
		{ED794DF5-32E8-4A49-AB22-CBF1A24015ED}.Release|Any CPU.ActiveCfg = Release|Any CPU
		{ED794DF5-32E8-4A49-AB22-CBF1A24015ED}.Release|Any CPU.Build.0 = Release|Any CPU
		{F123BC85-D701-4151-BF84-FC844720B6D6}.Debug|Any CPU.ActiveCfg = Debug|Any CPU
		{F123BC85-D701-4151-BF84-FC844720B6D6}.Debug|Any CPU.Build.0 = Debug|Any CPU
		{F123BC85-D701-4151-BF84-FC844720B6D6}.Release|Any CPU.ActiveCfg = Release|Any CPU
		{F123BC85-D701-4151-BF84-FC844720B6D6}.Release|Any CPU.Build.0 = Release|Any CPU
		{3F463E1E-82DA-455E-95EF-E91E5703084D}.Debug|Any CPU.ActiveCfg = Debug|Any CPU
		{3F463E1E-82DA-455E-95EF-E91E5703084D}.Debug|Any CPU.Build.0 = Debug|Any CPU
		{3F463E1E-82DA-455E-95EF-E91E5703084D}.Release|Any CPU.ActiveCfg = Release|Any CPU
		{3F463E1E-82DA-455E-95EF-E91E5703084D}.Release|Any CPU.Build.0 = Release|Any CPU
	EndGlobalSection
	GlobalSection(SolutionProperties) = preSolution
		HideSolutionNode = FALSE
	EndGlobalSection
	GlobalSection(ExtensibilityGlobals) = postSolution
		SolutionGuid = {A594687D-87CE-4C0F-B7F2-D34FEFC1CEF9}
	EndGlobalSection
EndGlobal
