
Microsoft Visual Studio Solution File, Format Version 12.00
# Visual Studio Version 16
VisualStudioVersion = 16.0.29306.81
MinimumVisualStudioVersion = 10.0.40219.1
Project("{FAE04EC0-301F-11D3-BF4B-00C04F79EFBC}") = "Home_work_5", "Home_work_5\Home_work_5.csproj", "{0E68CAD9-8147-462E-BF95-78AC94588F4F}"
EndProject
Global
	GlobalSection(SolutionConfigurationPlatforms) = preSolution
		Debug|Any CPU = Debug|Any CPU
		Release|Any CPU = Release|Any CPU
	EndGlobalSection
	GlobalSection(ProjectConfigurationPlatforms) = postSolution
		{0E68CAD9-8147-462E-BF95-78AC94588F4F}.Debug|Any CPU.ActiveCfg = Debug|Any CPU
		{0E68CAD9-8147-462E-BF95-78AC94588F4F}.Debug|Any CPU.Build.0 = Debug|Any CPU
		{0E68CAD9-8147-462E-BF95-78AC94588F4F}.Release|Any CPU.ActiveCfg = Release|Any CPU
		{0E68CAD9-8147-462E-BF95-78AC94588F4F}.Release|Any CPU.Build.0 = Release|Any CPU
	EndGlobalSection
	GlobalSection(SolutionProperties) = preSolution
		HideSolutionNode = FALSE
	EndGlobalSection
	GlobalSection(ExtensibilityGlobals) = postSolution
		SolutionGuid = {6B50CFE2-FEA6-4D33-AF4A-CC7A36BEF74E}
	EndGlobalSection
EndGlobal
