
Microsoft Visual Studio Solution File, Format Version 12.00
# Visual Studio Version 16
VisualStudioVersion = 16.0.29306.81
MinimumVisualStudioVersion = 10.0.40219.1
Project("{FAE04EC0-301F-11D3-BF4B-00C04F79EFBC}") = "HomeWork7", "HomeWork7\HomeWork7.csproj", "{5F2F30FC-F392-4027-A468-089290BCCF27}"
EndProject
Global
	GlobalSection(SolutionConfigurationPlatforms) = preSolution
		Debug|Any CPU = Debug|Any CPU
		Release|Any CPU = Release|Any CPU
	EndGlobalSection
	GlobalSection(ProjectConfigurationPlatforms) = postSolution
		{5F2F30FC-F392-4027-A468-089290BCCF27}.Debug|Any CPU.ActiveCfg = Debug|Any CPU
		{5F2F30FC-F392-4027-A468-089290BCCF27}.Debug|Any CPU.Build.0 = Debug|Any CPU
		{5F2F30FC-F392-4027-A468-089290BCCF27}.Release|Any CPU.ActiveCfg = Release|Any CPU
		{5F2F30FC-F392-4027-A468-089290BCCF27}.Release|Any CPU.Build.0 = Release|Any CPU
	EndGlobalSection
	GlobalSection(SolutionProperties) = preSolution
		HideSolutionNode = FALSE
	EndGlobalSection
	GlobalSection(ExtensibilityGlobals) = postSolution
		SolutionGuid = {EB237234-2116-4EA9-AC60-D5EE356928A2}
	EndGlobalSection
EndGlobal
